
Microsoft Visual Studio Solution File, Format Version 12.00
# Visual Studio Version 16
VisualStudioVersion = 16.0.29326.143
MinimumVisualStudioVersion = 10.0.40219.1
Project("{FAE04EC0-301F-11D3-BF4B-00C04F79EFBC}") = "Strategie_Demo", "Strategie_Demo\Strategie_Demo.csproj", "{B06598DD-AF2E-4C5A-956F-7AD8CFDD6CD1}"
EndProject
Global
	GlobalSection(SolutionConfigurationPlatforms) = preSolution
		Debug|Any CPU = Debug|Any CPU
		Release|Any CPU = Release|Any CPU
	EndGlobalSection
	GlobalSection(ProjectConfigurationPlatforms) = postSolution
		{B06598DD-AF2E-4C5A-956F-7AD8CFDD6CD1}.Debug|Any CPU.ActiveCfg = Debug|Any CPU
		{B06598DD-AF2E-4C5A-956F-7AD8CFDD6CD1}.Debug|Any CPU.Build.0 = Debug|Any CPU
		{B06598DD-AF2E-4C5A-956F-7AD8CFDD6CD1}.Release|Any CPU.ActiveCfg = Release|Any CPU
		{B06598DD-AF2E-4C5A-956F-7AD8CFDD6CD1}.Release|Any CPU.Build.0 = Release|Any CPU
	EndGlobalSection
	GlobalSection(SolutionProperties) = preSolution
		HideSolutionNode = FALSE
	EndGlobalSection
	GlobalSection(ExtensibilityGlobals) = postSolution
		SolutionGuid = {ABC5BE92-0185-4514-9B38-BC3D77D7521F}
	EndGlobalSection
EndGlobal
